
Microsoft Visual Studio Solution File, Format Version 12.00
# Visual Studio Version 17
VisualStudioVersion = 17.10.35122.118
MinimumVisualStudioVersion = 10.0.40219.1
Project("{FAE04EC0-301F-11D3-BF4B-00C04F79EFBC}") = "EGO", "EGO\EGO.csproj", "{4C8ED441-66D9-4C39-86D3-178065B215AD}"
EndProject
Global
	GlobalSection(SolutionConfigurationPlatforms) = preSolution
		Debug|Any CPU = Debug|Any CPU
		Release|Any CPU = Release|Any CPU
	EndGlobalSection
	GlobalSection(ProjectConfigurationPlatforms) = postSolution
		{4C8ED441-66D9-4C39-86D3-178065B215AD}.Debug|Any CPU.ActiveCfg = Debug|Any CPU
		{4C8ED441-66D9-4C39-86D3-178065B215AD}.Debug|Any CPU.Build.0 = Debug|Any CPU
		{4C8ED441-66D9-4C39-86D3-178065B215AD}.Release|Any CPU.ActiveCfg = Release|Any CPU
		{4C8ED441-66D9-4C39-86D3-178065B215AD}.Release|Any CPU.Build.0 = Release|Any CPU
	EndGlobalSection
	GlobalSection(SolutionProperties) = preSolution
		HideSolutionNode = FALSE
	EndGlobalSection
	GlobalSection(ExtensibilityGlobals) = postSolution
		SolutionGuid = {A3EE80CE-EBE4-4597-8589-97FB675E8C50}
	EndGlobalSection
EndGlobal
